
Microsoft Visual Studio Solution File, Format Version 12.00
# Visual Studio Version 17
VisualStudioVersion = 17.4.33205.214
MinimumVisualStudioVersion = 10.0.40219.1
Project("{FAE04EC0-301F-11D3-BF4B-00C04F79EFBC}") = "poligon-2026-strahinja", "poligon-2026-strahinja.csproj", "{08676C01-7A84-477B-B1E7-645A3581E542}"
EndProject
Global
	GlobalSection(SolutionConfigurationPlatforms) = preSolution
		Debug|Any CPU = Debug|Any CPU
		Release|Any CPU = Release|Any CPU
	EndGlobalSection
	GlobalSection(ProjectConfigurationPlatforms) = postSolution
		{08676C01-7A84-477B-B1E7-645A3581E542}.Debug|Any CPU.ActiveCfg = Debug|Any CPU
		{08676C01-7A84-477B-B1E7-645A3581E542}.Debug|Any CPU.Build.0 = Debug|Any CPU
		{08676C01-7A84-477B-B1E7-645A3581E542}.Release|Any CPU.ActiveCfg = Release|Any CPU
		{08676C01-7A84-477B-B1E7-645A3581E542}.Release|Any CPU.Build.0 = Release|Any CPU
	EndGlobalSection
	GlobalSection(SolutionProperties) = preSolution
		HideSolutionNode = FALSE
	EndGlobalSection
	GlobalSection(ExtensibilityGlobals) = postSolution
		SolutionGuid = {0C6CEBDD-914D-46E0-9813-93F336F137B5}
	EndGlobalSection
EndGlobal
